
Microsoft Visual Studio Solution File, Format Version 12.00
# Visual Studio Version 16
VisualStudioVersion = 16.0.35325.158
MinimumVisualStudioVersion = 10.0.40219.1
Project("{FAE04EC0-301F-11D3-BF4B-00C04F79EFBC}") = "B64Converter", "B64Converter\B64Converter.csproj", "{3F19C744-4A7F-4539-95D1-EFAB4DD7124F}"
EndProject
Global
	GlobalSection(SolutionConfigurationPlatforms) = preSolution
		Debug|Any CPU = Debug|Any CPU
		Release|Any CPU = Release|Any CPU
	EndGlobalSection
	GlobalSection(ProjectConfigurationPlatforms) = postSolution
		{3F19C744-4A7F-4539-95D1-EFAB4DD7124F}.Debug|Any CPU.ActiveCfg = Debug|Any CPU
		{3F19C744-4A7F-4539-95D1-EFAB4DD7124F}.Debug|Any CPU.Build.0 = Debug|Any CPU
		{3F19C744-4A7F-4539-95D1-EFAB4DD7124F}.Release|Any CPU.ActiveCfg = Release|Any CPU
		{3F19C744-4A7F-4539-95D1-EFAB4DD7124F}.Release|Any CPU.Build.0 = Release|Any CPU
	EndGlobalSection
	GlobalSection(SolutionProperties) = preSolution
		HideSolutionNode = FALSE
	EndGlobalSection
	GlobalSection(ExtensibilityGlobals) = postSolution
		SolutionGuid = {AC58ABED-758A-47ED-BE8A-719C42308127}
	EndGlobalSection
EndGlobal
